
Microsoft Visual Studio Solution File, Format Version 12.00
# Visual Studio 15
VisualStudioVersion = 15.0.28307.1321
MinimumVisualStudioVersion = 10.0.40219.1
Project("{FAE04EC0-301F-11D3-BF4B-00C04F79EFBC}") = "FlexportDocumentUploadConsumerService", "FlexportDocumentUploadConsumerService\FlexportDocumentUploadConsumerService.csproj", "{DBBFE02C-28DC-4A75-99CA-6D8553C1CB02}"
EndProject
Global
	GlobalSection(SolutionConfigurationPlatforms) = preSolution
		Debug|Any CPU = Debug|Any CPU
		Release|Any CPU = Release|Any CPU
	EndGlobalSection
	GlobalSection(ProjectConfigurationPlatforms) = postSolution
		{DBBFE02C-28DC-4A75-99CA-6D8553C1CB02}.Debug|Any CPU.ActiveCfg = Debug|Any CPU
		{DBBFE02C-28DC-4A75-99CA-6D8553C1CB02}.Debug|Any CPU.Build.0 = Debug|Any CPU
		{DBBFE02C-28DC-4A75-99CA-6D8553C1CB02}.Release|Any CPU.ActiveCfg = Release|Any CPU
		{DBBFE02C-28DC-4A75-99CA-6D8553C1CB02}.Release|Any CPU.Build.0 = Release|Any CPU
	EndGlobalSection
	GlobalSection(SolutionProperties) = preSolution
		HideSolutionNode = FALSE
	EndGlobalSection
	GlobalSection(ExtensibilityGlobals) = postSolution
		SolutionGuid = {816DEC16-0EF2-4E28-BC2C-04B530F64B1C}
	EndGlobalSection
EndGlobal
